<?xml version="1.0" encoding="utf-8"?>
<Project ToolsVersion="4.0" xmlns="http://schemas.microsoft.com/developer/msbuild/2003">
  <ItemGroup>
    <Filter Include="Source Files">
      <UniqueIdentifier>{4FC737F1-C7A5-4376-A066-2A32D752A2FF}</UniqueIdentifier>
      <Extensions>cpp;c;cc;cxx;c++;def;odl;idl;hpj;bat;asm;asmx</Extensions>
    </Filter>
    <Filter Include="Header Files">
      <UniqueIdentifier>{93995380-89BD-4b04-88EB-625FBE52EBFB}</UniqueIdentifier>
      <Extensions>h;hh;hpp;hxx;h++;hm;inl;inc;ipp;xsd</Extensions>
    </Filter>
    <Filter Include="Resource Files">
      <UniqueIdentifier>{67DA6AB6-F800-4c08-8B7A-83BB121AAD01}</UniqueIdentifier>
      <Extensions>rc;ico;cur;bmp;dlg;rc2;rct;bin;rgs;gif;jpg;jpeg;jpe;resx;tiff;tif;png;wav;mfcribbon-ms</Extensions>
    </Filter>
    <Filter Include="Source Files\Utilities">
      <UniqueIdentifier>{e485b213-c85b-4b10-8535-f71af8972463}</UniqueIdentifier>
    </Filter>
    <Filter Include="Source Files\Entities">
      <UniqueIdentifier>{9982eaa5-dd33-4065-958e-4c9072d5591d}</UniqueIdentifier>
    </Filter>
  </ItemGroup>
  <ItemGroup>
    <ClInclude Include="framework.h">
      <Filter>Header Files</Filter>
    </ClInclude>
    <ClInclude Include="pch.h">
      <Filter>Header Files</Filter>
    </ClInclude>
    <ClInclude Include="Enities\Absence.h">
      <Filter>Source Files\Entities</Filter>
    </ClInclude>
    <ClInclude Include="Enities\Attendance.h">
      <Filter>Source Files\Entities</Filter>
    </ClInclude>
    <ClInclude Include="Enities\Command.h">
      <Filter>Source Files\Entities</Filter>
    </ClInclude>
    <ClInclude Include="Enities\Employee.h">
      <Filter>Source Files\Entities</Filter>
    </ClInclude>
    <ClInclude Include="Enities\Holiday.h">
      <Filter>Source Files\Entities</Filter>
    </ClInclude>
    <ClInclude Include="Enities\KeyValuePair.h">
      <Filter>Source Files\Entities</Filter>
    </ClInclude>
    <ClInclude Include="Enities\Location.h">
      <Filter>Source Files\Entities</Filter>
    </ClInclude>
    <ClInclude Include="Enities\ResultSet.h">
      <Filter>Source Files\Entities</Filter>
    </ClInclude>
    <ClInclude Include="Enities\Role.h">
      <Filter>Source Files\Entities</Filter>
    </ClInclude>
    <ClInclude Include="Utilities\Utility.h">
      <Filter>Source Files\Utilities</Filter>
    </ClInclude>
  </ItemGroup>
  <ItemGroup>
    <ClCompile Include="EAMSCommonLib.cpp">
      <Filter>Source Files</Filter>
    </ClCompile>
    <ClCompile Include="pch.cpp">
      <Filter>Source Files</Filter>
    </ClCompile>
    <ClCompile Include="Enities\Absence.cpp">
      <Filter>Source Files\Entities</Filter>
    </ClCompile>
    <ClCompile Include="Enities\Attendance.cpp">
      <Filter>Source Files\Entities</Filter>
    </ClCompile>
    <ClCompile Include="Enities\Command.cpp">
      <Filter>Source Files\Entities</Filter>
    </ClCompile>
    <ClCompile Include="Enities\Employee.cpp">
      <Filter>Source Files\Entities</Filter>
    </ClCompile>
    <ClCompile Include="Enities\holiday.cpp">
      <Filter>Source Files\Entities</Filter>
    </ClCompile>
    <ClCompile Include="Enities\KeyValuePair.cpp">
      <Filter>Source Files\Entities</Filter>
    </ClCompile>
    <ClCompile Include="Enities\Location.cpp">
      <Filter>Source Files\Entities</Filter>
    </ClCompile>
    <ClCompile Include="Enities\ResultSet.cpp">
      <Filter>Source Files\Entities</Filter>
    </ClCompile>
    <ClCompile Include="Enities\Role.cpp">
      <Filter>Source Files\Entities</Filter>
    </ClCompile>
    <ClCompile Include="Utilities\Utility.cpp">
      <Filter>Source Files\Utilities</Filter>
    </ClCompile>
  </ItemGroup>
</Project>